<?xml version="1.0" encoding="utf-8"?>
<Project ToolsVersion="4.0" xmlns="http://schemas.microsoft.com/developer/msbuild/2003">
  <ItemGroup>
    <ClCompile Include="DX9Game.cpp" />
    <ClCompile Include="main.cpp" />
    <ClCompile Include="Core\DX9Image.cpp">
      <Filter>Core</Filter>
    </ClCompile>
    <ClCompile Include="Core\DX9Input.cpp">
      <Filter>Core</Filter>
    </ClCompile>
    <ClCompile Include="Core\DX9Line.cpp">
      <Filter>Core</Filter>
    </ClCompile>
    <ClCompile Include="Core\DX9Window.cpp">
      <Filter>Core</Filter>
    </ClCompile>
    <ClCompile Include="Game\DX9Background.cpp">
      <Filter>Game</Filter>
    </ClCompile>
    <ClCompile Include="Game\DX9Effect.cpp">
      <Filter>Game</Filter>
    </ClCompile>
    <ClCompile Include="Game\DX9Font.cpp">
      <Filter>Game</Filter>
    </ClCompile>
    <ClCompile Include="Game\DX9Life.cpp">
      <Filter>Game</Filter>
    </ClCompile>
    <ClCompile Include="Game\DX9Map.cpp">
      <Filter>Game</Filter>
    </ClCompile>
    <ClCompile Include="Game\DX9Monsters.cpp">
      <Filter>Game</Filter>
    </ClCompile>
  </ItemGroup>
  <ItemGroup>
    <ClInclude Include="DX9Game.h" />
    <ClInclude Include="Core\DX9Common.h">
      <Filter>Core</Filter>
    </ClInclude>
    <ClInclude Include="Core\DX9Image.h">
      <Filter>Core</Filter>
    </ClInclude>
    <ClInclude Include="Core\DX9Input.h">
      <Filter>Core</Filter>
    </ClInclude>
    <ClInclude Include="Core\DX9Line.h">
      <Filter>Core</Filter>
    </ClInclude>
    <ClInclude Include="Core\DX9Window.h">
      <Filter>Core</Filter>
    </ClInclude>
    <ClInclude Include="Game\DX9Background.h">
      <Filter>Game</Filter>
    </ClInclude>
    <ClInclude Include="Game\DX9Effect.h">
      <Filter>Game</Filter>
    </ClInclude>
    <ClInclude Include="Game\DX9Font.h">
      <Filter>Game</Filter>
    </ClInclude>
    <ClInclude Include="Game\DX9Life.h">
      <Filter>Game</Filter>
    </ClInclude>
    <ClInclude Include="Game\DX9Map.h">
      <Filter>Game</Filter>
    </ClInclude>
    <ClInclude Include="Game\DX9Monsters.h">
      <Filter>Game</Filter>
    </ClInclude>
  </ItemGroup>
  <ItemGroup>
    <Filter Include="Core">
      <UniqueIdentifier>{8c357a1c-cd6a-4938-8201-fb53d96479a9}</UniqueIdentifier>
    </Filter>
    <Filter Include="Game">
      <UniqueIdentifier>{7ec017ee-f93b-4e0e-979a-2840b448d8fa}</UniqueIdentifier>
    </Filter>
  </ItemGroup>
</Project>