<?xml version="1.0" encoding="utf-8"?>
<Project ToolsVersion="4.0" xmlns="http://schemas.microsoft.com/developer/msbuild/2003">
  <ItemGroup>
    <Filter Include="리소스 파일">
      <UniqueIdentifier>{67DA6AB6-F800-4c08-8B7A-83BB121AAD01}</UniqueIdentifier>
      <Extensions>rc;ico;cur;bmp;dlg;rc2;rct;bin;rgs;gif;jpg;jpeg;jpe;resx;tiff;tif;png;wav;mfcribbon-ms</Extensions>
    </Filter>
    <Filter Include="Core">
      <UniqueIdentifier>{a6f244a0-dffc-4090-9594-be8964ddb2d1}</UniqueIdentifier>
    </Filter>
    <Filter Include="Game">
      <UniqueIdentifier>{2c087ac9-9960-4914-bd02-7ffa1936d561}</UniqueIdentifier>
    </Filter>
  </ItemGroup>
  <ItemGroup>
    <ClInclude Include="Core\DX9Common.h">
      <Filter>Core</Filter>
    </ClInclude>
    <ClInclude Include="Core\DX9Image.h">
      <Filter>Core</Filter>
    </ClInclude>
    <ClInclude Include="Core\DX9Line.h">
      <Filter>Core</Filter>
    </ClInclude>
    <ClInclude Include="Core\DX9Input.h">
      <Filter>Core</Filter>
    </ClInclude>
    <ClInclude Include="Game\DX9Background.h">
      <Filter>Game</Filter>
    </ClInclude>
    <ClInclude Include="Game\DX9Effect.h">
      <Filter>Game</Filter>
    </ClInclude>
    <ClInclude Include="Game\DX9Font.h">
      <Filter>Game</Filter>
    </ClInclude>
    <ClInclude Include="Game\DX9Life.h">
      <Filter>Game</Filter>
    </ClInclude>
    <ClInclude Include="Game\DX9Map.h">
      <Filter>Game</Filter>
    </ClInclude>
    <ClInclude Include="Game\DX9Monsters.h">
      <Filter>Game</Filter>
    </ClInclude>
    <ClInclude Include="Core\DX9Window.h">
      <Filter>Core</Filter>
    </ClInclude>
    <ClInclude Include="DX9Game.h" />
  </ItemGroup>
  <ItemGroup>
    <ClCompile Include="Core\DX9Image.cpp">
      <Filter>Core</Filter>
    </ClCompile>
    <ClCompile Include="Core\DX9Line.cpp">
      <Filter>Core</Filter>
    </ClCompile>
    <ClCompile Include="Core\DX9Input.cpp">
      <Filter>Core</Filter>
    </ClCompile>
    <ClCompile Include="main.cpp" />
    <ClCompile Include="Game\DX9Background.cpp">
      <Filter>Game</Filter>
    </ClCompile>
    <ClCompile Include="Game\DX9Effect.cpp">
      <Filter>Game</Filter>
    </ClCompile>
    <ClCompile Include="Game\DX9Font.cpp">
      <Filter>Game</Filter>
    </ClCompile>
    <ClCompile Include="Game\DX9Life.cpp">
      <Filter>Game</Filter>
    </ClCompile>
    <ClCompile Include="Game\DX9Map.cpp">
      <Filter>Game</Filter>
    </ClCompile>
    <ClCompile Include="Game\DX9Monsters.cpp">
      <Filter>Game</Filter>
    </ClCompile>
    <ClCompile Include="Core\DX9Window.cpp">
      <Filter>Core</Filter>
    </ClCompile>
    <ClCompile Include="DX9Game.cpp" />
  </ItemGroup>
</Project>